
Microsoft Visual Studio Solution File, Format Version 12.00
# Visual Studio Version 17
VisualStudioVersion = 17.5.002.0
MinimumVisualStudioVersion = 10.0.40219.1
Project("{9A19103F-16F7-4668-BE54-9A1E7A4F7556}") = "api", "api\api.csproj", "{99EE44AE-8B14-4A02-AAB1-1352DE36B3FE}"
EndProject
Global
	GlobalSection(SolutionConfigurationPlatforms) = preSolution
		Debug|Any CPU = Debug|Any CPU
		Release|Any CPU = Release|Any CPU
	EndGlobalSection
	GlobalSection(ProjectConfigurationPlatforms) = postSolution
		{99EE44AE-8B14-4A02-AAB1-1352DE36B3FE}.Debug|Any CPU.ActiveCfg = Debug|Any CPU
		{99EE44AE-8B14-4A02-AAB1-1352DE36B3FE}.Debug|Any CPU.Build.0 = Debug|Any CPU
		{99EE44AE-8B14-4A02-AAB1-1352DE36B3FE}.Release|Any CPU.ActiveCfg = Release|Any CPU
		{99EE44AE-8B14-4A02-AAB1-1352DE36B3FE}.Release|Any CPU.Build.0 = Release|Any CPU
	EndGlobalSection
	GlobalSection(SolutionProperties) = preSolution
		HideSolutionNode = FALSE
	EndGlobalSection
	GlobalSection(ExtensibilityGlobals) = postSolution
		SolutionGuid = {B4294102-1D57-4425-9E50-84655A7F0D00}
	EndGlobalSection
EndGlobal
